{
  "object": {
    "pins": [
      {
        "package": "PhoneNumberKit",
        "repositoryURL": "https://github.com/jmbrocal/PhoneNumberKit",
        "state": {
          "branch": "fix-resource-bundle-accessor",
          "revision": "3f0f35b25f15b90ea98fc40f3033f3d9b83490f6",
          "version": null
        }
      }
    ]
  },
  "version": 1
}
